
Microsoft Visual Studio Solution File, Format Version 12.00
# Visual Studio Version 16
VisualStudioVersion = 16.0.29905.134
MinimumVisualStudioVersion = 10.0.40219.1
Project("{FAE04EC0-301F-11D3-BF4B-00C04F79EFBC}") = "Distankb.Api", "Distankb.Api\Distankb.Api.csproj", "{C7F4EC9B-AF9B-4690-94D1-B9E6A9CD3F7F}"
EndProject
Global
	GlobalSection(SolutionConfigurationPlatforms) = preSolution
		Debug|Any CPU = Debug|Any CPU
		Release|Any CPU = Release|Any CPU
	EndGlobalSection
	GlobalSection(ProjectConfigurationPlatforms) = postSolution
		{C7F4EC9B-AF9B-4690-94D1-B9E6A9CD3F7F}.Debug|Any CPU.ActiveCfg = Debug|Any CPU
		{C7F4EC9B-AF9B-4690-94D1-B9E6A9CD3F7F}.Debug|Any CPU.Build.0 = Debug|Any CPU
		{C7F4EC9B-AF9B-4690-94D1-B9E6A9CD3F7F}.Release|Any CPU.ActiveCfg = Release|Any CPU
		{C7F4EC9B-AF9B-4690-94D1-B9E6A9CD3F7F}.Release|Any CPU.Build.0 = Release|Any CPU
	EndGlobalSection
	GlobalSection(SolutionProperties) = preSolution
		HideSolutionNode = FALSE
	EndGlobalSection
	GlobalSection(ExtensibilityGlobals) = postSolution
		SolutionGuid = {4F5034ED-71A4-470D-B41A-9AA8CC4DAC1A}
	EndGlobalSection
EndGlobal
